
Microsoft Visual Studio Solution File, Format Version 12.00
# Visual Studio Version 16
VisualStudioVersion = 16.0.29709.97
MinimumVisualStudioVersion = 10.0.40219.1
Project("{FAE04EC0-301F-11D3-BF4B-00C04F79EFBC}") = "MVC_Project", "MVC_Project\MVC_Project.csproj", "{8C67EA27-D7D6-44B3-A92B-0A0A912BB00C}"
EndProject
Global
	GlobalSection(SolutionConfigurationPlatforms) = preSolution
		Debug|Any CPU = Debug|Any CPU
		Release|Any CPU = Release|Any CPU
	EndGlobalSection
	GlobalSection(ProjectConfigurationPlatforms) = postSolution
		{8C67EA27-D7D6-44B3-A92B-0A0A912BB00C}.Debug|Any CPU.ActiveCfg = Debug|Any CPU
		{8C67EA27-D7D6-44B3-A92B-0A0A912BB00C}.Debug|Any CPU.Build.0 = Debug|Any CPU
		{8C67EA27-D7D6-44B3-A92B-0A0A912BB00C}.Release|Any CPU.ActiveCfg = Release|Any CPU
		{8C67EA27-D7D6-44B3-A92B-0A0A912BB00C}.Release|Any CPU.Build.0 = Release|Any CPU
	EndGlobalSection
	GlobalSection(SolutionProperties) = preSolution
		HideSolutionNode = FALSE
	EndGlobalSection
	GlobalSection(ExtensibilityGlobals) = postSolution
		SolutionGuid = {949C456C-8CB5-447D-90CA-A50FF30D48FB}
	EndGlobalSection
EndGlobal
